dependencies:
- name: helm_vote
  repository: oci://registry-1.docker.io/namrata99
  version: 0.14.0
- name: helm_result
  repository: oci://registry-1.docker.io/namrata99
  version: 0.2.0
- name: helm_worker
  repository: oci://registry-1.docker.io/namrata99
  version: 0.2.0
- name: psql
  repository: oci://registry-1.docker.io/namrata99
  version: 0.1.0
- name: redis
  repository: oci://registry-1.docker.io/namrata99
  version: 0.1.0
digest: sha256:6a39e7f711197d5a602608c19a003507efe2b995662c9aa1149fe2fcd6ca5e53
generated: "2023-04-04T09:40:20.912533984Z"
