dependencies:
- name: helm_vote
  repository: oci://registry-1.docker.io/namrata99
  version: 0.13.0
- name: helm_result
  repository: oci://registry-1.docker.io/namrata99
  version: 0.2.0
- name: helm_worker
  repository: oci://registry-1.docker.io/namrata99
  version: 0.2.0
- name: psql
  repository: oci://registry-1.docker.io/namrata99
  version: 0.1.0
- name: redis
  repository: oci://registry-1.docker.io/namrata99
  version: 0.1.0
digest: sha256:1bd7eecf7415790431e16f844cc667bfbb906e41a8dfca5b9e9a7349d82c1272
generated: "2023-04-03T07:19:14.278860832Z"
